
Microsoft Visual Studio Solution File, Format Version 12.00
Project("{2150E333-8FDC-42A3-9474-1A3956D46DE8}") = "src", "src", "{3A8B6812-B42A-4F1B-962F-E4C2696A6F46}"
EndProject
Project("{2150E333-8FDC-42A3-9474-1A3956D46DE8}") = "tests", "tests", "{ABD7D257-AE9C-4DCB-9224-80938748474C}"
EndProject
Project("{FAE04EC0-301F-11D3-BF4B-00C04F79EFBC}") = "Lab1", "src\Lab1\Lab1.csproj", "{25EFCB64-8B06-4F6A-BBFD-9F713438637F}"
EndProject
Project("{FAE04EC0-301F-11D3-BF4B-00C04F79EFBC}") = "Lab2", "src\Lab2\Lab2.csproj", "{7392F3A8-8E4F-4353-9023-51F0DCF56416}"
EndProject
Project("{FAE04EC0-301F-11D3-BF4B-00C04F79EFBC}") = "Lab3", "src\Lab3\Lab3.csproj", "{9CC87A20-A988-4109-B1B4-AF1E8C634110}"
EndProject
Project("{FAE04EC0-301F-11D3-BF4B-00C04F79EFBC}") = "Lab4", "src\Lab4\Lab4.csproj", "{00526AC5-5908-441E-ADA5-2E8BBC91919F}"
EndProject
Project("{FAE04EC0-301F-11D3-BF4B-00C04F79EFBC}") = "Lab1.Tests", "tests\Lab1.Tests\Lab1.Tests.csproj", "{FAE8F20B-EB2D-4E9F-A9C9-69761E5B4604}"
EndProject
Project("{FAE04EC0-301F-11D3-BF4B-00C04F79EFBC}") = "Lab2.Tests", "tests\Lab2.Tests\Lab2.Tests.csproj", "{7D2B8E68-304A-4946-987E-4F29F0FCC3A4}"
EndProject
Project("{FAE04EC0-301F-11D3-BF4B-00C04F79EFBC}") = "Lab3.Tests", "tests\Lab3.Tests\Lab3.Tests.csproj", "{3A3ABC1F-44EE-41D7-B0F1-F0D962E5746B}"
EndProject
Project("{FAE04EC0-301F-11D3-BF4B-00C04F79EFBC}") = "Lab4.Tests", "tests\Lab4.Tests\Lab4.Tests.csproj", "{2BC795FD-9FAC-419E-A8A5-4C432451CBD1}"
EndProject
Project("{FAE04EC0-301F-11D3-BF4B-00C04F79EFBC}") = "Lab5.Tests", "tests\Lab5.Tests\Lab5.Tests.csproj", "{6B113055-EABD-4475-9A6B-C54320ED1F26}"
EndProject
Project("{2150E333-8FDC-42A3-9474-1A3956D46DE8}") = "Lab5", "Lab5", "{7F8D0BE1-B293-4BDC-9D48-C681868EED82}"
EndProject
Project("{2150E333-8FDC-42A3-9474-1A3956D46DE8}") = "Application", "Application", "{08BF5221-2A20-4EA0-955F-24D97BF04611}"
EndProject
Project("{FAE04EC0-301F-11D3-BF4B-00C04F79EFBC}") = "Lab5.Application.Services", "Lab5.Application.Services\Lab5.Application.Services.csproj", "{35622EEF-5BFB-4106-BC7A-0B80D3640F4E}"
EndProject
Project("{FAE04EC0-301F-11D3-BF4B-00C04F79EFBC}") = "Lab5.Application", "Lab5.Application\Lab5.Application.csproj", "{ADFBE6F5-3C46-4556-9B17-E18EE378DEC9}"
EndProject
Project("{FAE04EC0-301F-11D3-BF4B-00C04F79EFBC}") = "Lab5.Application.Abstractions", "Lab5.Application.Abstractions\Lab5.Application.Abstractions.csproj", "{70F44D7E-5E56-45FA-8824-2F31A6F3351F}"
EndProject
Project("{FAE04EC0-301F-11D3-BF4B-00C04F79EFBC}") = "Lab5.Application.Models", "Lab5.Application.Models\Lab5.Application.Models.csproj", "{4407998A-1410-48F8-9AEB-6C6A01F2F23D}"
EndProject
Project("{FAE04EC0-301F-11D3-BF4B-00C04F79EFBC}") = "Lab5.Infrastructure.DataAccess", "Lab5.Infrastructure.DataAccess\Lab5.Infrastructure.DataAccess.csproj", "{BBDD6776-F9F1-49E6-A3AB-3FAF51D3182B}"
EndProject
Project("{FAE04EC0-301F-11D3-BF4B-00C04F79EFBC}") = "Lab5.Presentation.Console", "Lab5.Presentation.Console\Lab5.Presentation.Console.csproj", "{745D52A8-97C2-401C-BD04-735DA472AB39}"
EndProject
Project("{FAE04EC0-301F-11D3-BF4B-00C04F79EFBC}") = "Lab5", "Lab5\Lab5.csproj", "{1E70A3C5-DF12-4CAE-89D1-38351609C179}"
EndProject
Project("{2150E333-8FDC-42A3-9474-1A3956D46DE8}") = "common", "common", "{3DB12F6C-143E-4086-BCB2-2EC3461BC353}"
	ProjectSection(SolutionItems) = preProject
		Directory.Packages.props = Directory.Packages.props
		Directory.Build.props = Directory.Build.props
		.gitignore = .gitignore
		.editorconfig = .editorconfig
	EndProjectSection
EndProject
Global
	GlobalSection(SolutionConfigurationPlatforms) = preSolution
		Debug|Any CPU = Debug|Any CPU
		Release|Any CPU = Release|Any CPU
	EndGlobalSection
	GlobalSection(NestedProjects) = preSolution
		{25EFCB64-8B06-4F6A-BBFD-9F713438637F} = {3A8B6812-B42A-4F1B-962F-E4C2696A6F46}
		{7392F3A8-8E4F-4353-9023-51F0DCF56416} = {3A8B6812-B42A-4F1B-962F-E4C2696A6F46}
		{9CC87A20-A988-4109-B1B4-AF1E8C634110} = {3A8B6812-B42A-4F1B-962F-E4C2696A6F46}
		{00526AC5-5908-441E-ADA5-2E8BBC91919F} = {3A8B6812-B42A-4F1B-962F-E4C2696A6F46}
		{FAE8F20B-EB2D-4E9F-A9C9-69761E5B4604} = {ABD7D257-AE9C-4DCB-9224-80938748474C}
		{7D2B8E68-304A-4946-987E-4F29F0FCC3A4} = {ABD7D257-AE9C-4DCB-9224-80938748474C}
		{3A3ABC1F-44EE-41D7-B0F1-F0D962E5746B} = {ABD7D257-AE9C-4DCB-9224-80938748474C}
		{2BC795FD-9FAC-419E-A8A5-4C432451CBD1} = {ABD7D257-AE9C-4DCB-9224-80938748474C}
		{6B113055-EABD-4475-9A6B-C54320ED1F26} = {ABD7D257-AE9C-4DCB-9224-80938748474C}
		{7F8D0BE1-B293-4BDC-9D48-C681868EED82} = {3A8B6812-B42A-4F1B-962F-E4C2696A6F46}
		{08BF5221-2A20-4EA0-955F-24D97BF04611} = {7F8D0BE1-B293-4BDC-9D48-C681868EED82}
		{35622EEF-5BFB-4106-BC7A-0B80D3640F4E} = {08BF5221-2A20-4EA0-955F-24D97BF04611}
		{ADFBE6F5-3C46-4556-9B17-E18EE378DEC9} = {08BF5221-2A20-4EA0-955F-24D97BF04611}
		{70F44D7E-5E56-45FA-8824-2F31A6F3351F} = {08BF5221-2A20-4EA0-955F-24D97BF04611}
		{4407998A-1410-48F8-9AEB-6C6A01F2F23D} = {08BF5221-2A20-4EA0-955F-24D97BF04611}
		{BBDD6776-F9F1-49E6-A3AB-3FAF51D3182B} = {7F8D0BE1-B293-4BDC-9D48-C681868EED82}
		{745D52A8-97C2-401C-BD04-735DA472AB39} = {7F8D0BE1-B293-4BDC-9D48-C681868EED82}
		{1E70A3C5-DF12-4CAE-89D1-38351609C179} = {7F8D0BE1-B293-4BDC-9D48-C681868EED82}
	EndGlobalSection
	GlobalSection(ProjectConfigurationPlatforms) = postSolution
		{25EFCB64-8B06-4F6A-BBFD-9F713438637F}.Debug|Any CPU.ActiveCfg = Debug|Any CPU
		{25EFCB64-8B06-4F6A-BBFD-9F713438637F}.Debug|Any CPU.Build.0 = Debug|Any CPU
		{25EFCB64-8B06-4F6A-BBFD-9F713438637F}.Release|Any CPU.ActiveCfg = Release|Any CPU
		{25EFCB64-8B06-4F6A-BBFD-9F713438637F}.Release|Any CPU.Build.0 = Release|Any CPU
		{7392F3A8-8E4F-4353-9023-51F0DCF56416}.Debug|Any CPU.ActiveCfg = Debug|Any CPU
		{7392F3A8-8E4F-4353-9023-51F0DCF56416}.Debug|Any CPU.Build.0 = Debug|Any CPU
		{7392F3A8-8E4F-4353-9023-51F0DCF56416}.Release|Any CPU.ActiveCfg = Release|Any CPU
		{7392F3A8-8E4F-4353-9023-51F0DCF56416}.Release|Any CPU.Build.0 = Release|Any CPU
		{9CC87A20-A988-4109-B1B4-AF1E8C634110}.Debug|Any CPU.ActiveCfg = Debug|Any CPU
		{9CC87A20-A988-4109-B1B4-AF1E8C634110}.Debug|Any CPU.Build.0 = Debug|Any CPU
		{9CC87A20-A988-4109-B1B4-AF1E8C634110}.Release|Any CPU.ActiveCfg = Release|Any CPU
		{9CC87A20-A988-4109-B1B4-AF1E8C634110}.Release|Any CPU.Build.0 = Release|Any CPU
		{00526AC5-5908-441E-ADA5-2E8BBC91919F}.Debug|Any CPU.ActiveCfg = Debug|Any CPU
		{00526AC5-5908-441E-ADA5-2E8BBC91919F}.Debug|Any CPU.Build.0 = Debug|Any CPU
		{00526AC5-5908-441E-ADA5-2E8BBC91919F}.Release|Any CPU.ActiveCfg = Release|Any CPU
		{00526AC5-5908-441E-ADA5-2E8BBC91919F}.Release|Any CPU.Build.0 = Release|Any CPU
		{FAE8F20B-EB2D-4E9F-A9C9-69761E5B4604}.Debug|Any CPU.ActiveCfg = Debug|Any CPU
		{FAE8F20B-EB2D-4E9F-A9C9-69761E5B4604}.Debug|Any CPU.Build.0 = Debug|Any CPU
		{FAE8F20B-EB2D-4E9F-A9C9-69761E5B4604}.Release|Any CPU.ActiveCfg = Release|Any CPU
		{FAE8F20B-EB2D-4E9F-A9C9-69761E5B4604}.Release|Any CPU.Build.0 = Release|Any CPU
		{7D2B8E68-304A-4946-987E-4F29F0FCC3A4}.Debug|Any CPU.ActiveCfg = Debug|Any CPU
		{7D2B8E68-304A-4946-987E-4F29F0FCC3A4}.Debug|Any CPU.Build.0 = Debug|Any CPU
		{7D2B8E68-304A-4946-987E-4F29F0FCC3A4}.Release|Any CPU.ActiveCfg = Release|Any CPU
		{7D2B8E68-304A-4946-987E-4F29F0FCC3A4}.Release|Any CPU.Build.0 = Release|Any CPU
		{3A3ABC1F-44EE-41D7-B0F1-F0D962E5746B}.Debug|Any CPU.ActiveCfg = Debug|Any CPU
		{3A3ABC1F-44EE-41D7-B0F1-F0D962E5746B}.Debug|Any CPU.Build.0 = Debug|Any CPU
		{3A3ABC1F-44EE-41D7-B0F1-F0D962E5746B}.Release|Any CPU.ActiveCfg = Release|Any CPU
		{3A3ABC1F-44EE-41D7-B0F1-F0D962E5746B}.Release|Any CPU.Build.0 = Release|Any CPU
		{2BC795FD-9FAC-419E-A8A5-4C432451CBD1}.Debug|Any CPU.ActiveCfg = Debug|Any CPU
		{2BC795FD-9FAC-419E-A8A5-4C432451CBD1}.Debug|Any CPU.Build.0 = Debug|Any CPU
		{2BC795FD-9FAC-419E-A8A5-4C432451CBD1}.Release|Any CPU.ActiveCfg = Release|Any CPU
		{2BC795FD-9FAC-419E-A8A5-4C432451CBD1}.Release|Any CPU.Build.0 = Release|Any CPU
		{6B113055-EABD-4475-9A6B-C54320ED1F26}.Debug|Any CPU.ActiveCfg = Debug|Any CPU
		{6B113055-EABD-4475-9A6B-C54320ED1F26}.Debug|Any CPU.Build.0 = Debug|Any CPU
		{6B113055-EABD-4475-9A6B-C54320ED1F26}.Release|Any CPU.ActiveCfg = Release|Any CPU
		{6B113055-EABD-4475-9A6B-C54320ED1F26}.Release|Any CPU.Build.0 = Release|Any CPU
		{35622EEF-5BFB-4106-BC7A-0B80D3640F4E}.Debug|Any CPU.ActiveCfg = Debug|Any CPU
		{35622EEF-5BFB-4106-BC7A-0B80D3640F4E}.Debug|Any CPU.Build.0 = Debug|Any CPU
		{35622EEF-5BFB-4106-BC7A-0B80D3640F4E}.Release|Any CPU.ActiveCfg = Release|Any CPU
		{35622EEF-5BFB-4106-BC7A-0B80D3640F4E}.Release|Any CPU.Build.0 = Release|Any CPU
		{ADFBE6F5-3C46-4556-9B17-E18EE378DEC9}.Debug|Any CPU.ActiveCfg = Debug|Any CPU
		{ADFBE6F5-3C46-4556-9B17-E18EE378DEC9}.Debug|Any CPU.Build.0 = Debug|Any CPU
		{ADFBE6F5-3C46-4556-9B17-E18EE378DEC9}.Release|Any CPU.ActiveCfg = Release|Any CPU
		{ADFBE6F5-3C46-4556-9B17-E18EE378DEC9}.Release|Any CPU.Build.0 = Release|Any CPU
		{70F44D7E-5E56-45FA-8824-2F31A6F3351F}.Debug|Any CPU.ActiveCfg = Debug|Any CPU
		{70F44D7E-5E56-45FA-8824-2F31A6F3351F}.Debug|Any CPU.Build.0 = Debug|Any CPU
		{70F44D7E-5E56-45FA-8824-2F31A6F3351F}.Release|Any CPU.ActiveCfg = Release|Any CPU
		{70F44D7E-5E56-45FA-8824-2F31A6F3351F}.Release|Any CPU.Build.0 = Release|Any CPU
		{4407998A-1410-48F8-9AEB-6C6A01F2F23D}.Debug|Any CPU.ActiveCfg = Debug|Any CPU
		{4407998A-1410-48F8-9AEB-6C6A01F2F23D}.Debug|Any CPU.Build.0 = Debug|Any CPU
		{4407998A-1410-48F8-9AEB-6C6A01F2F23D}.Release|Any CPU.ActiveCfg = Release|Any CPU
		{4407998A-1410-48F8-9AEB-6C6A01F2F23D}.Release|Any CPU.Build.0 = Release|Any CPU
		{BBDD6776-F9F1-49E6-A3AB-3FAF51D3182B}.Debug|Any CPU.ActiveCfg = Debug|Any CPU
		{BBDD6776-F9F1-49E6-A3AB-3FAF51D3182B}.Debug|Any CPU.Build.0 = Debug|Any CPU
		{BBDD6776-F9F1-49E6-A3AB-3FAF51D3182B}.Release|Any CPU.ActiveCfg = Release|Any CPU
		{BBDD6776-F9F1-49E6-A3AB-3FAF51D3182B}.Release|Any CPU.Build.0 = Release|Any CPU
		{745D52A8-97C2-401C-BD04-735DA472AB39}.Debug|Any CPU.ActiveCfg = Debug|Any CPU
		{745D52A8-97C2-401C-BD04-735DA472AB39}.Debug|Any CPU.Build.0 = Debug|Any CPU
		{745D52A8-97C2-401C-BD04-735DA472AB39}.Release|Any CPU.ActiveCfg = Release|Any CPU
		{745D52A8-97C2-401C-BD04-735DA472AB39}.Release|Any CPU.Build.0 = Release|Any CPU
		{1E70A3C5-DF12-4CAE-89D1-38351609C179}.Debug|Any CPU.ActiveCfg = Debug|Any CPU
		{1E70A3C5-DF12-4CAE-89D1-38351609C179}.Debug|Any CPU.Build.0 = Debug|Any CPU
		{1E70A3C5-DF12-4CAE-89D1-38351609C179}.Release|Any CPU.ActiveCfg = Release|Any CPU
		{1E70A3C5-DF12-4CAE-89D1-38351609C179}.Release|Any CPU.Build.0 = Release|Any CPU
	EndGlobalSection
EndGlobal
